
Microsoft Visual Studio Solution File, Format Version 12.00
# Visual Studio 2012
Project("{FAE04EC0-301F-11D3-BF4B-00C04F79EFBC}") = "MvcMusicStore", "MvcMusicStore\MvcMusicStore.csproj", "{25CE8290-EF24-4818-B009-68DC903163D3}"
EndProject
Project("{FAE04EC0-301F-11D3-BF4B-00C04F79EFBC}") = "LogParser", "LogParser\LogParser.csproj", "{98DA26D0-10B8-4E06-B9B0-48A7F5C9EEFA}"
EndProject
Global
	GlobalSection(SolutionConfigurationPlatforms) = preSolution
		Debug|Any CPU = Debug|Any CPU
		Release|Any CPU = Release|Any CPU
	EndGlobalSection
	GlobalSection(ProjectConfigurationPlatforms) = postSolution
		{25CE8290-EF24-4818-B009-68DC903163D3}.Debug|Any CPU.ActiveCfg = Debug|Any CPU
		{25CE8290-EF24-4818-B009-68DC903163D3}.Debug|Any CPU.Build.0 = Debug|Any CPU
		{25CE8290-EF24-4818-B009-68DC903163D3}.Release|Any CPU.ActiveCfg = Release|Any CPU
		{25CE8290-EF24-4818-B009-68DC903163D3}.Release|Any CPU.Build.0 = Release|Any CPU
		{98DA26D0-10B8-4E06-B9B0-48A7F5C9EEFA}.Debug|Any CPU.ActiveCfg = Debug|Any CPU
		{98DA26D0-10B8-4E06-B9B0-48A7F5C9EEFA}.Debug|Any CPU.Build.0 = Debug|Any CPU
		{98DA26D0-10B8-4E06-B9B0-48A7F5C9EEFA}.Release|Any CPU.ActiveCfg = Release|Any CPU
		{98DA26D0-10B8-4E06-B9B0-48A7F5C9EEFA}.Release|Any CPU.Build.0 = Release|Any CPU
	EndGlobalSection
	GlobalSection(SolutionProperties) = preSolution
		HideSolutionNode = FALSE
	EndGlobalSection
EndGlobal
